
Microsoft Visual Studio Solution File, Format Version 12.00
# Visual Studio 14
VisualStudioVersion = 14.0.23107.0
MinimumVisualStudioVersion = 10.0.40219.1
Project("{FAE04EC0-301F-11D3-BF4B-00C04F79EFBC}") = "LINQ Basics", "LINQ Basics\LINQ Basics.csproj", "{1D0A8B07-CEA0-4D71-9587-5538648DD601}"
EndProject
Project("{FAE04EC0-301F-11D3-BF4B-00C04F79EFBC}") = "Models", "Models\Models.csproj", "{17968843-A9BB-41A4-ADE2-EB713AC1894D}"
EndProject
Project("{FAE04EC0-301F-11D3-BF4B-00C04F79EFBC}") = "LINQ Examples", "LINQ Examples\LINQ Examples.csproj", "{28A34154-4995-42B8-91F1-5F0F3A357AF2}"
EndProject
Project("{FAE04EC0-301F-11D3-BF4B-00C04F79EFBC}") = "Analyzing Data", "Analyzing Data\Analyzing Data.csproj", "{56A90FD4-1B99-4B8D-B98B-E1764E48F0D8}"
EndProject
Global
	GlobalSection(SolutionConfigurationPlatforms) = preSolution
		Debug|Any CPU = Debug|Any CPU
		Release|Any CPU = Release|Any CPU
	EndGlobalSection
	GlobalSection(ProjectConfigurationPlatforms) = postSolution
		{1D0A8B07-CEA0-4D71-9587-5538648DD601}.Debug|Any CPU.ActiveCfg = Debug|Any CPU
		{1D0A8B07-CEA0-4D71-9587-5538648DD601}.Debug|Any CPU.Build.0 = Debug|Any CPU
		{1D0A8B07-CEA0-4D71-9587-5538648DD601}.Release|Any CPU.ActiveCfg = Release|Any CPU
		{1D0A8B07-CEA0-4D71-9587-5538648DD601}.Release|Any CPU.Build.0 = Release|Any CPU
		{17968843-A9BB-41A4-ADE2-EB713AC1894D}.Debug|Any CPU.ActiveCfg = Debug|Any CPU
		{17968843-A9BB-41A4-ADE2-EB713AC1894D}.Debug|Any CPU.Build.0 = Debug|Any CPU
		{17968843-A9BB-41A4-ADE2-EB713AC1894D}.Release|Any CPU.ActiveCfg = Release|Any CPU
		{17968843-A9BB-41A4-ADE2-EB713AC1894D}.Release|Any CPU.Build.0 = Release|Any CPU
		{28A34154-4995-42B8-91F1-5F0F3A357AF2}.Debug|Any CPU.ActiveCfg = Debug|Any CPU
		{28A34154-4995-42B8-91F1-5F0F3A357AF2}.Debug|Any CPU.Build.0 = Debug|Any CPU
		{28A34154-4995-42B8-91F1-5F0F3A357AF2}.Release|Any CPU.ActiveCfg = Release|Any CPU
		{28A34154-4995-42B8-91F1-5F0F3A357AF2}.Release|Any CPU.Build.0 = Release|Any CPU
		{56A90FD4-1B99-4B8D-B98B-E1764E48F0D8}.Debug|Any CPU.ActiveCfg = Debug|Any CPU
		{56A90FD4-1B99-4B8D-B98B-E1764E48F0D8}.Debug|Any CPU.Build.0 = Debug|Any CPU
		{56A90FD4-1B99-4B8D-B98B-E1764E48F0D8}.Release|Any CPU.ActiveCfg = Release|Any CPU
		{56A90FD4-1B99-4B8D-B98B-E1764E48F0D8}.Release|Any CPU.Build.0 = Release|Any CPU
	EndGlobalSection
	GlobalSection(SolutionProperties) = preSolution
		HideSolutionNode = FALSE
	EndGlobalSection
EndGlobal
